
Microsoft Visual Studio Solution File, Format Version 12.00
# Visual Studio Version 16
VisualStudioVersion = 16.0.29709.97
MinimumVisualStudioVersion = 10.0.40219.1
Project("{FAE04EC0-301F-11D3-BF4B-00C04F79EFBC}") = "handman", "handman\handman.csproj", "{4AEB1F84-68EC-49A4-A3F9-096047F82497}"
EndProject
Global
	GlobalSection(SolutionConfigurationPlatforms) = preSolution
		Debug|Any CPU = Debug|Any CPU
		Release|Any CPU = Release|Any CPU
	EndGlobalSection
	GlobalSection(ProjectConfigurationPlatforms) = postSolution
		{4AEB1F84-68EC-49A4-A3F9-096047F82497}.Debug|Any CPU.ActiveCfg = Debug|Any CPU
		{4AEB1F84-68EC-49A4-A3F9-096047F82497}.Debug|Any CPU.Build.0 = Debug|Any CPU
		{4AEB1F84-68EC-49A4-A3F9-096047F82497}.Release|Any CPU.ActiveCfg = Release|Any CPU
		{4AEB1F84-68EC-49A4-A3F9-096047F82497}.Release|Any CPU.Build.0 = Release|Any CPU
	EndGlobalSection
	GlobalSection(SolutionProperties) = preSolution
		HideSolutionNode = FALSE
	EndGlobalSection
	GlobalSection(ExtensibilityGlobals) = postSolution
		SolutionGuid = {9C1D11AC-8EC2-4189-9EC6-C43948AC0C8B}
	EndGlobalSection
EndGlobal
